// !$*UTF8*$!
{
	archiveVersion = 1;
	classes = {
	};
	objectVersion = 46;
	objects = {

/* Begin PBXBuildFile section */
		239C440214A3886B00457C2D /* Foundation.framework in Frameworks */ = {isa = PBXBuildFile; fileRef = 239C440114A3886B00457C2D /* Foundation.framework */; };
		239C441414A3895E00457C2D /* TapadAdSDK.h in Headers */ = {isa = PBXBuildFile; fileRef = 239C441214A3895E00457C2D /* TapadAdSDK.h */; };
		239C441514A3895E00457C2D /* TapadAdSDK.m in Sources */ = {isa = PBXBuildFile; fileRef = 239C441314A3895E00457C2D /* TapadAdSDK.m */; };
		239C441714A3896500457C2D /* TapadAdSDK-Prefix.pch in Headers */ = {isa = PBXBuildFile; fileRef = 239C441614A3896500457C2D /* TapadAdSDK-Prefix.pch */; };
		239C441C14A3897900457C2D /* NSData+MD5.h in Headers */ = {isa = PBXBuildFile; fileRef = 239C441814A3897900457C2D /* NSData+MD5.h */; };
		239C441D14A3897900457C2D /* NSData+MD5.m in Sources */ = {isa = PBXBuildFile; fileRef = 239C441914A3897900457C2D /* NSData+MD5.m */; };
		239C441E14A3897900457C2D /* NSString+MD5.h in Headers */ = {isa = PBXBuildFile; fileRef = 239C441A14A3897900457C2D /* NSString+MD5.h */; };
		239C441F14A3897900457C2D /* NSString+MD5.m in Sources */ = {isa = PBXBuildFile; fileRef = 239C441B14A3897900457C2D /* NSString+MD5.m */; };
		239C442514A38ED500457C2D /* TapadAdRequest.h in Headers */ = {isa = PBXBuildFile; fileRef = 239C442314A38ED500457C2D /* TapadAdRequest.h */; };
		239C442614A38ED500457C2D /* TapadAdRequest.m in Sources */ = {isa = PBXBuildFile; fileRef = 239C442414A38ED500457C2D /* TapadAdRequest.m */; };
		239C442B14A38EEE00457C2D /* OpenUDID.h in Headers */ = {isa = PBXBuildFile; fileRef = 239C442914A38EEE00457C2D /* OpenUDID.h */; };
		239C442C14A38EEE00457C2D /* OpenUDID.m in Sources */ = {isa = PBXBuildFile; fileRef = 239C442A14A38EEE00457C2D /* OpenUDID.m */; };
		239C442E14A3C96A00457C2D /* CoreGraphics.framework in Frameworks */ = {isa = PBXBuildFile; fileRef = 239C442D14A3C96A00457C2D /* CoreGraphics.framework */; };
		23EC358E1546632800D302C4 /* TapadBannerView.h in Headers */ = {isa = PBXBuildFile; fileRef = 23EC358B1546632800D302C4 /* TapadBannerView.h */; };
		23EC358F1546632800D302C4 /* TapadBannerView.m in Sources */ = {isa = PBXBuildFile; fileRef = 23EC358C1546632800D302C4 /* TapadBannerView.m */; };
		23EC35901546632800D302C4 /* TapadBannerViewDelegate.h in Headers */ = {isa = PBXBuildFile; fileRef = 23EC358D1546632800D302C4 /* TapadBannerViewDelegate.h */; };
/* End PBXBuildFile section */

/* Begin PBXFileReference section */
		239C43FE14A3886B00457C2D /* libTapadAdSDK.a */ = {isa = PBXFileReference; explicitFileType = archive.ar; includeInIndex = 0; path = libTapadAdSDK.a; sourceTree = BUILT_PRODUCTS_DIR; };
		239C440114A3886B00457C2D /* Foundation.framework */ = {isa = PBXFileReference; lastKnownFileType = wrapper.framework; name = Foundation.framework; path = System/Library/Frameworks/Foundation.framework; sourceTree = SDKROOT; };
		239C441214A3895E00457C2D /* TapadAdSDK.h */ = {isa = PBXFileReference; fileEncoding = 4; lastKnownFileType = sourcecode.c.h; path = TapadAdSDK.h; sourceTree = SOURCE_ROOT; };
		239C441314A3895E00457C2D /* TapadAdSDK.m */ = {isa = PBXFileReference; fileEncoding = 4; lastKnownFileType = sourcecode.c.objc; path = TapadAdSDK.m; sourceTree = SOURCE_ROOT; };
		239C441614A3896500457C2D /* TapadAdSDK-Prefix.pch */ = {isa = PBXFileReference; fileEncoding = 4; lastKnownFileType = sourcecode.c.h; path = "TapadAdSDK-Prefix.pch"; sourceTree = SOURCE_ROOT; };
		239C441814A3897900457C2D /* NSData+MD5.h */ = {isa = PBXFileReference; fileEncoding = 4; lastKnownFileType = sourcecode.c.h; path = "NSData+MD5.h"; sourceTree = SOURCE_ROOT; };
		239C441914A3897900457C2D /* NSData+MD5.m */ = {isa = PBXFileReference; fileEncoding = 4; lastKnownFileType = sourcecode.c.objc; path = "NSData+MD5.m"; sourceTree = SOURCE_ROOT; };
		239C441A14A3897900457C2D /* NSString+MD5.h */ = {isa = PBXFileReference; fileEncoding = 4; lastKnownFileType = sourcecode.c.h; path = "NSString+MD5.h"; sourceTree = SOURCE_ROOT; };
		239C441B14A3897900457C2D /* NSString+MD5.m */ = {isa = PBXFileReference; fileEncoding = 4; lastKnownFileType = sourcecode.c.objc; path = "NSString+MD5.m"; sourceTree = SOURCE_ROOT; };
		239C442314A38ED500457C2D /* TapadAdRequest.h */ = {isa = PBXFileReference; fileEncoding = 4; lastKnownFileType = sourcecode.c.h; path = TapadAdRequest.h; sourceTree = SOURCE_ROOT; };
		239C442414A38ED500457C2D /* TapadAdRequest.m */ = {isa = PBXFileReference; fileEncoding = 4; lastKnownFileType = sourcecode.c.objc; path = TapadAdRequest.m; sourceTree = SOURCE_ROOT; };
		239C442914A38EEE00457C2D /* OpenUDID.h */ = {isa = PBXFileReference; fileEncoding = 4; lastKnownFileType = sourcecode.c.h; name = OpenUDID.h; path = OpenUDID/OpenUDID.h; sourceTree = SOURCE_ROOT; };
		239C442A14A38EEE00457C2D /* OpenUDID.m */ = {isa = PBXFileReference; fileEncoding = 4; lastKnownFileType = sourcecode.c.objc; name = OpenUDID.m; path = OpenUDID/OpenUDID.m; sourceTree = SOURCE_ROOT; };
		239C442D14A3C96A00457C2D /* CoreGraphics.framework */ = {isa = PBXFileReference; lastKnownFileType = wrapper.framework; name = CoreGraphics.framework; path = System/Library/Frameworks/CoreGraphics.framework; sourceTree = SDKROOT; };
		23EC358B1546632800D302C4 /* TapadBannerView.h */ = {isa = PBXFileReference; fileEncoding = 4; lastKnownFileType = sourcecode.c.h; path = TapadBannerView.h; sourceTree = SOURCE_ROOT; };
		23EC358C1546632800D302C4 /* TapadBannerView.m */ = {isa = PBXFileReference; fileEncoding = 4; lastKnownFileType = sourcecode.c.objc; path = TapadBannerView.m; sourceTree = SOURCE_ROOT; };
		23EC358D1546632800D302C4 /* TapadBannerViewDelegate.h */ = {isa = PBXFileReference; fileEncoding = 4; lastKnownFileType = sourcecode.c.h; path = TapadBannerViewDelegate.h; sourceTree = SOURCE_ROOT; };
/* End PBXFileReference section */

/* Begin PBXFrameworksBuildPhase section */
		239C43FB14A3886B00457C2D /* Frameworks */ = {
			isa = PBXFrameworksBuildPhase;
			buildActionMask = 2147483647;
			files = (
				239C442E14A3C96A00457C2D /* CoreGraphics.framework in Frameworks */,
				239C440214A3886B00457C2D /* Foundation.framework in Frameworks */,
			);
			runOnlyForDeploymentPostprocessing = 0;
		};
/* End PBXFrameworksBuildPhase section */

/* Begin PBXGroup section */
		239C43F314A3886B00457C2D = {
			isa = PBXGroup;
			children = (
				239C440314A3886B00457C2D /* TapadAdSDK */,
				239C440014A3886B00457C2D /* Frameworks */,
				239C43FF14A3886B00457C2D /* Products */,
			);
			sourceTree = "<group>";
		};
		239C43FF14A3886B00457C2D /* Products */ = {
			isa = PBXGroup;
			children = (
				239C43FE14A3886B00457C2D /* libTapadAdSDK.a */,
			);
			name = Products;
			sourceTree = "<group>";
		};
		239C440014A3886B00457C2D /* Frameworks */ = {
			isa = PBXGroup;
			children = (
				239C442D14A3C96A00457C2D /* CoreGraphics.framework */,
				239C440114A3886B00457C2D /* Foundation.framework */,
			);
			name = Frameworks;
			sourceTree = "<group>";
		};
		239C440314A3886B00457C2D /* TapadAdSDK */ = {
			isa = PBXGroup;
			children = (
				23EC358B1546632800D302C4 /* TapadBannerView.h */,
				23EC358C1546632800D302C4 /* TapadBannerView.m */,
				23EC358D1546632800D302C4 /* TapadBannerViewDelegate.h */,
				239C442814A38EDC00457C2D /* OpenUDID */,
				239C442314A38ED500457C2D /* TapadAdRequest.h */,
				239C442414A38ED500457C2D /* TapadAdRequest.m */,
				239C441814A3897900457C2D /* NSData+MD5.h */,
				239C441914A3897900457C2D /* NSData+MD5.m */,
				239C441A14A3897900457C2D /* NSString+MD5.h */,
				239C441B14A3897900457C2D /* NSString+MD5.m */,
				239C441214A3895E00457C2D /* TapadAdSDK.h */,
				239C441314A3895E00457C2D /* TapadAdSDK.m */,
				239C440414A3886B00457C2D /* Supporting Files */,
			);
			path = TapadAdSDK;
			sourceTree = "<group>";
		};
		239C440414A3886B00457C2D /* Supporting Files */ = {
			isa = PBXGroup;
			children = (
				239C441614A3896500457C2D /* TapadAdSDK-Prefix.pch */,
			);
			name = "Supporting Files";
			sourceTree = "<group>";
		};
		239C442814A38EDC00457C2D /* OpenUDID */ = {
			isa = PBXGroup;
			children = (
				239C442914A38EEE00457C2D /* OpenUDID.h */,
				239C442A14A38EEE00457C2D /* OpenUDID.m */,
			);
			name = OpenUDID;
			sourceTree = "<group>";
		};
/* End PBXGroup section */

/* Begin PBXHeadersBuildPhase section */
		239C43FC14A3886B00457C2D /* Headers */ = {
			isa = PBXHeadersBuildPhase;
			buildActionMask = 2147483647;
			files = (
				239C441414A3895E00457C2D /* TapadAdSDK.h in Headers */,
				239C441714A3896500457C2D /* TapadAdSDK-Prefix.pch in Headers */,
				239C441C14A3897900457C2D /* NSData+MD5.h in Headers */,
				239C441E14A3897900457C2D /* NSString+MD5.h in Headers */,
				239C442514A38ED500457C2D /* TapadAdRequest.h in Headers */,
				239C442B14A38EEE00457C2D /* OpenUDID.h in Headers */,
				23EC358E1546632800D302C4 /* TapadBannerView.h in Headers */,
				23EC35901546632800D302C4 /* TapadBannerViewDelegate.h in Headers */,
			);
			runOnlyForDeploymentPostprocessing = 0;
		};
/* End PBXHeadersBuildPhase section */

/* Begin PBXNativeTarget section */
		239C43FD14A3886B00457C2D /* TapadAdSDK */ = {
			isa = PBXNativeTarget;
			buildConfigurationList = 239C440B14A3886B00457C2D /* Build configuration list for PBXNativeTarget "TapadAdSDK" */;
			buildPhases = (
				239C43FA14A3886B00457C2D /* Sources */,
				239C43FB14A3886B00457C2D /* Frameworks */,
				239C43FC14A3886B00457C2D /* Headers */,
			);
			buildRules = (
			);
			dependencies = (
			);
			name = TapadAdSDK;
			productName = TapadAdSDK;
			productReference = 239C43FE14A3886B00457C2D /* libTapadAdSDK.a */;
			productType = "com.apple.product-type.library.static";
		};
/* End PBXNativeTarget section */

/* Begin PBXProject section */
		239C43F514A3886B00457C2D /* Project object */ = {
			isa = PBXProject;
			attributes = {
				LastUpgradeCheck = 0420;
			};
			buildConfigurationList = 239C43F814A3886B00457C2D /* Build configuration list for PBXProject "TapadAdSDK" */;
			compatibilityVersion = "Xcode 3.2";
			developmentRegion = English;
			hasScannedForEncodings = 0;
			knownRegions = (
				en,
			);
			mainGroup = 239C43F314A3886B00457C2D;
			productRefGroup = 239C43FF14A3886B00457C2D /* Products */;
			projectDirPath = "";
			projectRoot = "";
			targets = (
				239C43FD14A3886B00457C2D /* TapadAdSDK */,
			);
		};
/* End PBXProject section */

/* Begin PBXSourcesBuildPhase section */
		239C43FA14A3886B00457C2D /* Sources */ = {
			isa = PBXSourcesBuildPhase;
			buildActionMask = 2147483647;
			files = (
				239C441514A3895E00457C2D /* TapadAdSDK.m in Sources */,
				239C441D14A3897900457C2D /* NSData+MD5.m in Sources */,
				239C441F14A3897900457C2D /* NSString+MD5.m in Sources */,
				239C442614A38ED500457C2D /* TapadAdRequest.m in Sources */,
				239C442C14A38EEE00457C2D /* OpenUDID.m in Sources */,
				23EC358F1546632800D302C4 /* TapadBannerView.m in Sources */,
			);
			runOnlyForDeploymentPostprocessing = 0;
		};
/* End PBXSourcesBuildPhase section */

/* Begin XCBuildConfiguration section */
		239C440914A3886B00457C2D /* Debug */ = {
			isa = XCBuildConfiguration;
			buildSettings = {
				ALWAYS_SEARCH_USER_PATHS = NO;
				ARCHS = "$(ARCHS_STANDARD_32_BIT)";
				CLANG_ENABLE_OBJC_ARC = YES;
				COPY_PHASE_STRIP = NO;
				GCC_C_LANGUAGE_STANDARD = gnu99;
				GCC_DYNAMIC_NO_PIC = NO;
				GCC_OPTIMIZATION_LEVEL = 0;
				GCC_PREPROCESSOR_DEFINITIONS = (
					"DEBUG=1",
					"$(inherited)",
				);
				GCC_SYMBOLS_PRIVATE_EXTERN = NO;
				GCC_VERSION = com.apple.compilers.llvm.clang.1_0;
				GCC_WARN_ABOUT_MISSING_PROTOTYPES = YES;
				GCC_WARN_ABOUT_RETURN_TYPE = YES;
				GCC_WARN_UNUSED_VARIABLE = YES;
				IPHONEOS_DEPLOYMENT_TARGET = 5.0;
				SDKROOT = iphoneos;
			};
			name = Debug;
		};
		239C440A14A3886B00457C2D /* Release */ = {
			isa = XCBuildConfiguration;
			buildSettings = {
				ALWAYS_SEARCH_USER_PATHS = NO;
				ARCHS = "$(ARCHS_STANDARD_32_BIT)";
				CLANG_ENABLE_OBJC_ARC = YES;
				COPY_PHASE_STRIP = YES;
				GCC_C_LANGUAGE_STANDARD = gnu99;
				GCC_VERSION = com.apple.compilers.llvm.clang.1_0;
				GCC_WARN_ABOUT_MISSING_PROTOTYPES = YES;
				GCC_WARN_ABOUT_RETURN_TYPE = YES;
				GCC_WARN_UNUSED_VARIABLE = YES;
				IPHONEOS_DEPLOYMENT_TARGET = 5.0;
				SDKROOT = iphoneos;
				VALIDATE_PRODUCT = YES;
			};
			name = Release;
		};
		239C440C14A3886B00457C2D /* Debug */ = {
			isa = XCBuildConfiguration;
			buildSettings = {
				CLANG_ENABLE_OBJC_ARC = NO;
				DSTROOT = /tmp/TapadAdSDK.dst;
				GCC_PRECOMPILE_PREFIX_HEADER = YES;
				GCC_PREFIX_HEADER = "TapadAdSDK-Prefix.pch";
				GCC_VERSION = com.apple.compilers.llvmgcc42;
				ONLY_ACTIVE_ARCH = NO;
				OTHER_LDFLAGS = "-ObjC";
				PRODUCT_NAME = "$(TARGET_NAME)";
				SKIP_INSTALL = YES;
				VALID_ARCHS = "armv6 armv7 armv7f armv7k i386";
			};
			name = Debug;
		};
		239C440D14A3886B00457C2D /* Release */ = {
			isa = XCBuildConfiguration;
			buildSettings = {
				CLANG_ENABLE_OBJC_ARC = NO;
				DSTROOT = /tmp/TapadAdSDK.dst;
				GCC_PRECOMPILE_PREFIX_HEADER = YES;
				GCC_PREFIX_HEADER = "TapadAdSDK-Prefix.pch";
				GCC_VERSION = com.apple.compilers.llvmgcc42;
				ONLY_ACTIVE_ARCH = NO;
				OTHER_LDFLAGS = "-ObjC";
				PRODUCT_NAME = "$(TARGET_NAME)";
				SKIP_INSTALL = YES;
				VALID_ARCHS = "armv6 armv7 armv7f armv7k i386";
				"VALID_ARCHS[sdk=*]" = "armv6 armv7 armv7f armv7k i386";
			};
			name = Release;
		};
/* End XCBuildConfiguration section */

/* Begin XCConfigurationList section */
		239C43F814A3886B00457C2D /* Build configuration list for PBXProject "TapadAdSDK" */ = {
			isa = XCConfigurationList;
			buildConfigurations = (
				239C440914A3886B00457C2D /* Debug */,
				239C440A14A3886B00457C2D /* Release */,
			);
			defaultConfigurationIsVisible = 0;
			defaultConfigurationName = Release;
		};
		239C440B14A3886B00457C2D /* Build configuration list for PBXNativeTarget "TapadAdSDK" */ = {
			isa = XCConfigurationList;
			buildConfigurations = (
				239C440C14A3886B00457C2D /* Debug */,
				239C440D14A3886B00457C2D /* Release */,
			);
			defaultConfigurationIsVisible = 0;
			defaultConfigurationName = Release;
		};
/* End XCConfigurationList section */
	};
	rootObject = 239C43F514A3886B00457C2D /* Project object */;
}
